
Microsoft Visual Studio Solution File, Format Version 12.00
# Visual Studio 2012
Project("{8BC9CEB8-8B4A-11D0-8D11-00A0C91BC942}") = "WellDVR2", "WellDVR2\WellDVR2.vcxproj", "{21B017E7-7805-40D5-9D96-AABF572F57D1}"
EndProject
Project("{8BC9CEB8-8B4A-11D0-8D11-00A0C91BC942}") = "WellDVRConfig", "WelDVRConfig\WellDVRConfig.vcxproj", "{42A08936-AD80-4F87-A8A5-EFA50E4FB0ED}"
EndProject
Project("{8BC9CEB8-8B4A-11D0-8D11-00A0C91BC942}") = "WellDvrTool", "WellDvrTool\WellDvrTool.vcxproj", "{F4A5DEAC-754A-40C7-A920-9A1E7E3988D2}"
EndProject
Project("{8BC9CEB8-8B4A-11D0-8D11-00A0C91BC942}") = "GetRegisterCode", "GetRegisterCode\GetRegisterCode.vcxproj", "{C8CB1416-AF9F-43C9-AC4E-C414861AD88A}"
EndProject
Project("{8BC9CEB8-8B4A-11D0-8D11-00A0C91BC942}") = "RegisterWnd", "RegisterWnd\RegisterWnd.vcxproj", "{FA92E78F-8504-4B6E-B32F-AD1DD8D48652}"
EndProject
Project("{8BC9CEB8-8B4A-11D0-8D11-00A0C91BC942}") = "Register", "Register\Register.vcxproj", "{91FB6A99-5622-4370-80F2-7934ECE0ABF9}"
EndProject
Project("{8BC9CEB8-8B4A-11D0-8D11-00A0C91BC942}") = "tinyxml", "tinyxml\tinyxml.vcxproj", "{DAE5367B-62FE-48E5-A39E-93CCEBE7EC26}"
EndProject
Project("{8BC9CEB8-8B4A-11D0-8D11-00A0C91BC942}") = "GetMachineCode", "GetMachineCode\GetMachineCode.vcxproj", "{62B50D14-EE8F-4F97-8DBB-5E5BA7CC902B}"
EndProject
Global
	GlobalSection(SourceCodeControl) = preSolution
		SccNumberOfProjects = 9
		SccProjectName0 = \u0022$/WorkStation/src\u0022,\u0020CAAAAAAA
		SccLocalPath0 = ..
		SccProvider0 = MSSCCI:Microsoft\u0020Visual\u0020SourceSafe
		SccProjectFilePathRelativizedFromConnection0 = src\\
		SccProjectUniqueName1 = WellDVR2\\WellDVR2.vcxproj
		SccProjectName1 = \u0022$/WorkStation/src/WellDVR2\u0022,\u0020ZEAAAAAA
		SccLocalPath1 = ..
		SccProjectFilePathRelativizedFromConnection1 = src\\WellDVR2\\
		SccProjectUniqueName2 = WelDVRConfig\\WellDVRConfig.vcxproj
		SccProjectName2 = \u0022$/WorkStation/src/WelDVRConfig\u0022,\u0020WJAAAAAA
		SccLocalPath2 = WelDVRConfig
		SccProjectUniqueName3 = RegisterWnd\\RegisterWnd.vcxproj
		SccProjectName3 = \u0022$/WorkStation/src/RegisterWnd\u0022,\u0020CLAAAAAA
		SccLocalPath3 = RegisterWnd
		SccProjectUniqueName4 = WellDvrTool\\WellDvrTool.vcxproj
		SccProjectName4 = \u0022$/WorkStation/src/WellDvrTool\u0022,\u0020LLAAAAAA
		SccLocalPath4 = ..
		SccProjectFilePathRelativizedFromConnection4 = src\\WellDvrTool\\
		SccProjectUniqueName5 = GetRegisterCode\\GetRegisterCode.vcxproj
		SccProjectName5 = \u0022$/\u0022,\u0020AAAAAAAA
		SccLocalPath5 = .
		SccProjectFilePathRelativizedFromConnection5 = GetRegisterCode\\
		SccProjectUniqueName6 = GetMachineCode\\GetMachineCode.vcxproj
		SccProjectName6 = \u0022$/WorkStation/src/GetMachineCode\u0022,\u0020TKAAAAAA
		SccLocalPath6 = .
		SccProjectFilePathRelativizedFromConnection6 = GetMachineCode\\
		SccProjectUniqueName7 = Register\\Register.vcxproj
		SccProjectName7 = \u0022$/WorkStation/src/Register\u0022,\u0020ZKAAAAAA
		SccLocalPath7 = Register
		SccProjectUniqueName8 = tinyxml\\tinyxml.vcxproj
		SccProjectName8 = \u0022$/WorkStation/src/tinyxml\u0022,\u0020FLAAAAAA
		SccLocalPath8 = tinyxml
	EndGlobalSection
	GlobalSection(SolutionConfigurationPlatforms) = preSolution
		Debug|Mixed Platforms = Debug|Mixed Platforms
		Debug|Win32 = Debug|Win32
		Debug|x86 = Debug|x86
		Release|Mixed Platforms = Release|Mixed Platforms
		Release|Win32 = Release|Win32
		Release|x86 = Release|x86
		UnicodeDebug|Mixed Platforms = UnicodeDebug|Mixed Platforms
		UnicodeDebug|Win32 = UnicodeDebug|Win32
		UnicodeDebug|x86 = UnicodeDebug|x86
		UnicodeRelease|Mixed Platforms = UnicodeRelease|Mixed Platforms
		UnicodeRelease|Win32 = UnicodeRelease|Win32
		UnicodeRelease|x86 = UnicodeRelease|x86
	EndGlobalSection
	GlobalSection(ProjectConfigurationPlatforms) = postSolution
		{21B017E7-7805-40D5-9D96-AABF572F57D1}.Debug|Mixed Platforms.ActiveCfg = Debug|Win32
		{21B017E7-7805-40D5-9D96-AABF572F57D1}.Debug|Mixed Platforms.Build.0 = Debug|Win32
		{21B017E7-7805-40D5-9D96-AABF572F57D1}.Debug|Win32.ActiveCfg = Debug|Win32
		{21B017E7-7805-40D5-9D96-AABF572F57D1}.Debug|Win32.Build.0 = Debug|Win32
		{21B017E7-7805-40D5-9D96-AABF572F57D1}.Debug|x86.ActiveCfg = Debug|Win32
		{21B017E7-7805-40D5-9D96-AABF572F57D1}.Release|Mixed Platforms.ActiveCfg = Release|Win32
		{21B017E7-7805-40D5-9D96-AABF572F57D1}.Release|Mixed Platforms.Build.0 = Release|Win32
		{21B017E7-7805-40D5-9D96-AABF572F57D1}.Release|Win32.ActiveCfg = Release|Win32
		{21B017E7-7805-40D5-9D96-AABF572F57D1}.Release|Win32.Build.0 = Release|Win32
		{21B017E7-7805-40D5-9D96-AABF572F57D1}.Release|x86.ActiveCfg = Release|Win32
		{21B017E7-7805-40D5-9D96-AABF572F57D1}.UnicodeDebug|Mixed Platforms.ActiveCfg = UnicodeDebug|Win32
		{21B017E7-7805-40D5-9D96-AABF572F57D1}.UnicodeDebug|Mixed Platforms.Build.0 = UnicodeDebug|Win32
		{21B017E7-7805-40D5-9D96-AABF572F57D1}.UnicodeDebug|Win32.ActiveCfg = UnicodeDebug|Win32
		{21B017E7-7805-40D5-9D96-AABF572F57D1}.UnicodeDebug|Win32.Build.0 = UnicodeDebug|Win32
		{21B017E7-7805-40D5-9D96-AABF572F57D1}.UnicodeDebug|x86.ActiveCfg = UnicodeDebug|Win32
		{21B017E7-7805-40D5-9D96-AABF572F57D1}.UnicodeRelease|Mixed Platforms.ActiveCfg = UnicodeRelease|Win32
		{21B017E7-7805-40D5-9D96-AABF572F57D1}.UnicodeRelease|Mixed Platforms.Build.0 = UnicodeRelease|Win32
		{21B017E7-7805-40D5-9D96-AABF572F57D1}.UnicodeRelease|Win32.ActiveCfg = UnicodeRelease|Win32
		{21B017E7-7805-40D5-9D96-AABF572F57D1}.UnicodeRelease|Win32.Build.0 = UnicodeRelease|Win32
		{21B017E7-7805-40D5-9D96-AABF572F57D1}.UnicodeRelease|x86.ActiveCfg = UnicodeRelease|Win32
		{42A08936-AD80-4F87-A8A5-EFA50E4FB0ED}.Debug|Mixed Platforms.ActiveCfg = Debug|Win32
		{42A08936-AD80-4F87-A8A5-EFA50E4FB0ED}.Debug|Mixed Platforms.Build.0 = Debug|Win32
		{42A08936-AD80-4F87-A8A5-EFA50E4FB0ED}.Debug|Win32.ActiveCfg = Debug|Win32
		{42A08936-AD80-4F87-A8A5-EFA50E4FB0ED}.Debug|Win32.Build.0 = Debug|Win32
		{42A08936-AD80-4F87-A8A5-EFA50E4FB0ED}.Debug|x86.ActiveCfg = Debug|Win32
		{42A08936-AD80-4F87-A8A5-EFA50E4FB0ED}.Debug|x86.Build.0 = Debug|Win32
		{42A08936-AD80-4F87-A8A5-EFA50E4FB0ED}.Release|Mixed Platforms.ActiveCfg = Release|Win32
		{42A08936-AD80-4F87-A8A5-EFA50E4FB0ED}.Release|Mixed Platforms.Build.0 = Release|Win32
		{42A08936-AD80-4F87-A8A5-EFA50E4FB0ED}.Release|Win32.ActiveCfg = Release|Win32
		{42A08936-AD80-4F87-A8A5-EFA50E4FB0ED}.Release|Win32.Build.0 = Release|Win32
		{42A08936-AD80-4F87-A8A5-EFA50E4FB0ED}.Release|x86.ActiveCfg = Release|Win32
		{42A08936-AD80-4F87-A8A5-EFA50E4FB0ED}.Release|x86.Build.0 = Release|Win32
		{42A08936-AD80-4F87-A8A5-EFA50E4FB0ED}.UnicodeDebug|Mixed Platforms.ActiveCfg = Debug|Win32
		{42A08936-AD80-4F87-A8A5-EFA50E4FB0ED}.UnicodeDebug|Mixed Platforms.Build.0 = Debug|Win32
		{42A08936-AD80-4F87-A8A5-EFA50E4FB0ED}.UnicodeDebug|Win32.ActiveCfg = Debug|Win32
		{42A08936-AD80-4F87-A8A5-EFA50E4FB0ED}.UnicodeDebug|Win32.Build.0 = Debug|Win32
		{42A08936-AD80-4F87-A8A5-EFA50E4FB0ED}.UnicodeDebug|x86.ActiveCfg = Debug|Win32
		{42A08936-AD80-4F87-A8A5-EFA50E4FB0ED}.UnicodeDebug|x86.Build.0 = Debug|Win32
		{42A08936-AD80-4F87-A8A5-EFA50E4FB0ED}.UnicodeRelease|Mixed Platforms.ActiveCfg = Release|Win32
		{42A08936-AD80-4F87-A8A5-EFA50E4FB0ED}.UnicodeRelease|Mixed Platforms.Build.0 = Release|Win32
		{42A08936-AD80-4F87-A8A5-EFA50E4FB0ED}.UnicodeRelease|Win32.ActiveCfg = Release|Win32
		{42A08936-AD80-4F87-A8A5-EFA50E4FB0ED}.UnicodeRelease|Win32.Build.0 = Release|Win32
		{42A08936-AD80-4F87-A8A5-EFA50E4FB0ED}.UnicodeRelease|x86.ActiveCfg = Release|Win32
		{42A08936-AD80-4F87-A8A5-EFA50E4FB0ED}.UnicodeRelease|x86.Build.0 = Release|Win32
		{F4A5DEAC-754A-40C7-A920-9A1E7E3988D2}.Debug|Mixed Platforms.ActiveCfg = Debug|Win32
		{F4A5DEAC-754A-40C7-A920-9A1E7E3988D2}.Debug|Mixed Platforms.Build.0 = Debug|Win32
		{F4A5DEAC-754A-40C7-A920-9A1E7E3988D2}.Debug|Win32.ActiveCfg = Debug|Win32
		{F4A5DEAC-754A-40C7-A920-9A1E7E3988D2}.Debug|Win32.Build.0 = Debug|Win32
		{F4A5DEAC-754A-40C7-A920-9A1E7E3988D2}.Debug|x86.ActiveCfg = Debug|Win32
		{F4A5DEAC-754A-40C7-A920-9A1E7E3988D2}.Debug|x86.Build.0 = Debug|Win32
		{F4A5DEAC-754A-40C7-A920-9A1E7E3988D2}.Release|Mixed Platforms.ActiveCfg = Release|Win32
		{F4A5DEAC-754A-40C7-A920-9A1E7E3988D2}.Release|Mixed Platforms.Build.0 = Release|Win32
		{F4A5DEAC-754A-40C7-A920-9A1E7E3988D2}.Release|Win32.ActiveCfg = Release|Win32
		{F4A5DEAC-754A-40C7-A920-9A1E7E3988D2}.Release|Win32.Build.0 = Release|Win32
		{F4A5DEAC-754A-40C7-A920-9A1E7E3988D2}.Release|x86.ActiveCfg = Release|Win32
		{F4A5DEAC-754A-40C7-A920-9A1E7E3988D2}.Release|x86.Build.0 = Release|Win32
		{F4A5DEAC-754A-40C7-A920-9A1E7E3988D2}.UnicodeDebug|Mixed Platforms.ActiveCfg = Debug|Win32
		{F4A5DEAC-754A-40C7-A920-9A1E7E3988D2}.UnicodeDebug|Mixed Platforms.Build.0 = Debug|Win32
		{F4A5DEAC-754A-40C7-A920-9A1E7E3988D2}.UnicodeDebug|Win32.ActiveCfg = Debug|Win32
		{F4A5DEAC-754A-40C7-A920-9A1E7E3988D2}.UnicodeDebug|Win32.Build.0 = Debug|Win32
		{F4A5DEAC-754A-40C7-A920-9A1E7E3988D2}.UnicodeDebug|x86.ActiveCfg = Debug|Win32
		{F4A5DEAC-754A-40C7-A920-9A1E7E3988D2}.UnicodeDebug|x86.Build.0 = Debug|Win32
		{F4A5DEAC-754A-40C7-A920-9A1E7E3988D2}.UnicodeRelease|Mixed Platforms.ActiveCfg = Release|Win32
		{F4A5DEAC-754A-40C7-A920-9A1E7E3988D2}.UnicodeRelease|Mixed Platforms.Build.0 = Release|Win32
		{F4A5DEAC-754A-40C7-A920-9A1E7E3988D2}.UnicodeRelease|Win32.ActiveCfg = Release|Win32
		{F4A5DEAC-754A-40C7-A920-9A1E7E3988D2}.UnicodeRelease|Win32.Build.0 = Release|Win32
		{F4A5DEAC-754A-40C7-A920-9A1E7E3988D2}.UnicodeRelease|x86.ActiveCfg = Release|Win32
		{F4A5DEAC-754A-40C7-A920-9A1E7E3988D2}.UnicodeRelease|x86.Build.0 = Release|Win32
		{C8CB1416-AF9F-43C9-AC4E-C414861AD88A}.Debug|Mixed Platforms.ActiveCfg = Debug|Win32
		{C8CB1416-AF9F-43C9-AC4E-C414861AD88A}.Debug|Mixed Platforms.Build.0 = Debug|Win32
		{C8CB1416-AF9F-43C9-AC4E-C414861AD88A}.Debug|Win32.ActiveCfg = Debug|Win32
		{C8CB1416-AF9F-43C9-AC4E-C414861AD88A}.Debug|Win32.Build.0 = Debug|Win32
		{C8CB1416-AF9F-43C9-AC4E-C414861AD88A}.Debug|x86.ActiveCfg = Debug|Win32
		{C8CB1416-AF9F-43C9-AC4E-C414861AD88A}.Debug|x86.Build.0 = Debug|Win32
		{C8CB1416-AF9F-43C9-AC4E-C414861AD88A}.Release|Mixed Platforms.ActiveCfg = Release|Win32
		{C8CB1416-AF9F-43C9-AC4E-C414861AD88A}.Release|Mixed Platforms.Build.0 = Release|Win32
		{C8CB1416-AF9F-43C9-AC4E-C414861AD88A}.Release|Win32.ActiveCfg = Release|Win32
		{C8CB1416-AF9F-43C9-AC4E-C414861AD88A}.Release|Win32.Build.0 = Release|Win32
		{C8CB1416-AF9F-43C9-AC4E-C414861AD88A}.Release|x86.ActiveCfg = Release|Win32
		{C8CB1416-AF9F-43C9-AC4E-C414861AD88A}.Release|x86.Build.0 = Release|Win32
		{C8CB1416-AF9F-43C9-AC4E-C414861AD88A}.UnicodeDebug|Mixed Platforms.ActiveCfg = Debug|Win32
		{C8CB1416-AF9F-43C9-AC4E-C414861AD88A}.UnicodeDebug|Mixed Platforms.Build.0 = Debug|Win32
		{C8CB1416-AF9F-43C9-AC4E-C414861AD88A}.UnicodeDebug|Win32.ActiveCfg = Debug|Win32
		{C8CB1416-AF9F-43C9-AC4E-C414861AD88A}.UnicodeDebug|Win32.Build.0 = Debug|Win32
		{C8CB1416-AF9F-43C9-AC4E-C414861AD88A}.UnicodeDebug|x86.ActiveCfg = Debug|Win32
		{C8CB1416-AF9F-43C9-AC4E-C414861AD88A}.UnicodeDebug|x86.Build.0 = Debug|Win32
		{C8CB1416-AF9F-43C9-AC4E-C414861AD88A}.UnicodeRelease|Mixed Platforms.ActiveCfg = Release|Win32
		{C8CB1416-AF9F-43C9-AC4E-C414861AD88A}.UnicodeRelease|Mixed Platforms.Build.0 = Release|Win32
		{C8CB1416-AF9F-43C9-AC4E-C414861AD88A}.UnicodeRelease|Win32.ActiveCfg = Release|Win32
		{C8CB1416-AF9F-43C9-AC4E-C414861AD88A}.UnicodeRelease|Win32.Build.0 = Release|Win32
		{C8CB1416-AF9F-43C9-AC4E-C414861AD88A}.UnicodeRelease|x86.ActiveCfg = Release|Win32
		{C8CB1416-AF9F-43C9-AC4E-C414861AD88A}.UnicodeRelease|x86.Build.0 = Release|Win32
		{FA92E78F-8504-4B6E-B32F-AD1DD8D48652}.Debug|Mixed Platforms.ActiveCfg = Debug|Win32
		{FA92E78F-8504-4B6E-B32F-AD1DD8D48652}.Debug|Mixed Platforms.Build.0 = Debug|Win32
		{FA92E78F-8504-4B6E-B32F-AD1DD8D48652}.Debug|Win32.ActiveCfg = Debug|Win32
		{FA92E78F-8504-4B6E-B32F-AD1DD8D48652}.Debug|Win32.Build.0 = Debug|Win32
		{FA92E78F-8504-4B6E-B32F-AD1DD8D48652}.Debug|x86.ActiveCfg = Debug|Win32
		{FA92E78F-8504-4B6E-B32F-AD1DD8D48652}.Debug|x86.Build.0 = Debug|Win32
		{FA92E78F-8504-4B6E-B32F-AD1DD8D48652}.Release|Mixed Platforms.ActiveCfg = Release|Win32
		{FA92E78F-8504-4B6E-B32F-AD1DD8D48652}.Release|Mixed Platforms.Build.0 = Release|Win32
		{FA92E78F-8504-4B6E-B32F-AD1DD8D48652}.Release|Win32.ActiveCfg = Release|Win32
		{FA92E78F-8504-4B6E-B32F-AD1DD8D48652}.Release|Win32.Build.0 = Release|Win32
		{FA92E78F-8504-4B6E-B32F-AD1DD8D48652}.Release|x86.ActiveCfg = Release|Win32
		{FA92E78F-8504-4B6E-B32F-AD1DD8D48652}.Release|x86.Build.0 = Release|Win32
		{FA92E78F-8504-4B6E-B32F-AD1DD8D48652}.UnicodeDebug|Mixed Platforms.ActiveCfg = Debug|Win32
		{FA92E78F-8504-4B6E-B32F-AD1DD8D48652}.UnicodeDebug|Mixed Platforms.Build.0 = Debug|Win32
		{FA92E78F-8504-4B6E-B32F-AD1DD8D48652}.UnicodeDebug|Win32.ActiveCfg = Debug|Win32
		{FA92E78F-8504-4B6E-B32F-AD1DD8D48652}.UnicodeDebug|Win32.Build.0 = Debug|Win32
		{FA92E78F-8504-4B6E-B32F-AD1DD8D48652}.UnicodeDebug|x86.ActiveCfg = Debug|Win32
		{FA92E78F-8504-4B6E-B32F-AD1DD8D48652}.UnicodeDebug|x86.Build.0 = Debug|Win32
		{FA92E78F-8504-4B6E-B32F-AD1DD8D48652}.UnicodeRelease|Mixed Platforms.ActiveCfg = Release|Win32
		{FA92E78F-8504-4B6E-B32F-AD1DD8D48652}.UnicodeRelease|Mixed Platforms.Build.0 = Release|Win32
		{FA92E78F-8504-4B6E-B32F-AD1DD8D48652}.UnicodeRelease|Win32.ActiveCfg = Release|Win32
		{FA92E78F-8504-4B6E-B32F-AD1DD8D48652}.UnicodeRelease|Win32.Build.0 = Release|Win32
		{FA92E78F-8504-4B6E-B32F-AD1DD8D48652}.UnicodeRelease|x86.ActiveCfg = Release|Win32
		{FA92E78F-8504-4B6E-B32F-AD1DD8D48652}.UnicodeRelease|x86.Build.0 = Release|Win32
		{91FB6A99-5622-4370-80F2-7934ECE0ABF9}.Debug|Mixed Platforms.ActiveCfg = Debug|Win32
		{91FB6A99-5622-4370-80F2-7934ECE0ABF9}.Debug|Mixed Platforms.Build.0 = Debug|Win32
		{91FB6A99-5622-4370-80F2-7934ECE0ABF9}.Debug|Win32.ActiveCfg = Debug|Win32
		{91FB6A99-5622-4370-80F2-7934ECE0ABF9}.Debug|Win32.Build.0 = Debug|Win32
		{91FB6A99-5622-4370-80F2-7934ECE0ABF9}.Debug|x86.ActiveCfg = Debug|Win32
		{91FB6A99-5622-4370-80F2-7934ECE0ABF9}.Debug|x86.Build.0 = Debug|Win32
		{91FB6A99-5622-4370-80F2-7934ECE0ABF9}.Release|Mixed Platforms.ActiveCfg = Release|Win32
		{91FB6A99-5622-4370-80F2-7934ECE0ABF9}.Release|Mixed Platforms.Build.0 = Release|Win32
		{91FB6A99-5622-4370-80F2-7934ECE0ABF9}.Release|Win32.ActiveCfg = Release|Win32
		{91FB6A99-5622-4370-80F2-7934ECE0ABF9}.Release|Win32.Build.0 = Release|Win32
		{91FB6A99-5622-4370-80F2-7934ECE0ABF9}.Release|x86.ActiveCfg = Release|Win32
		{91FB6A99-5622-4370-80F2-7934ECE0ABF9}.Release|x86.Build.0 = Release|Win32
		{91FB6A99-5622-4370-80F2-7934ECE0ABF9}.UnicodeDebug|Mixed Platforms.ActiveCfg = Debug|Win32
		{91FB6A99-5622-4370-80F2-7934ECE0ABF9}.UnicodeDebug|Mixed Platforms.Build.0 = Debug|Win32
		{91FB6A99-5622-4370-80F2-7934ECE0ABF9}.UnicodeDebug|Win32.ActiveCfg = Debug|Win32
		{91FB6A99-5622-4370-80F2-7934ECE0ABF9}.UnicodeDebug|Win32.Build.0 = Debug|Win32
		{91FB6A99-5622-4370-80F2-7934ECE0ABF9}.UnicodeDebug|x86.ActiveCfg = Debug|Win32
		{91FB6A99-5622-4370-80F2-7934ECE0ABF9}.UnicodeDebug|x86.Build.0 = Debug|Win32
		{91FB6A99-5622-4370-80F2-7934ECE0ABF9}.UnicodeRelease|Mixed Platforms.ActiveCfg = Release|Win32
		{91FB6A99-5622-4370-80F2-7934ECE0ABF9}.UnicodeRelease|Mixed Platforms.Build.0 = Release|Win32
		{91FB6A99-5622-4370-80F2-7934ECE0ABF9}.UnicodeRelease|Win32.ActiveCfg = Release|Win32
		{91FB6A99-5622-4370-80F2-7934ECE0ABF9}.UnicodeRelease|Win32.Build.0 = Release|Win32
		{91FB6A99-5622-4370-80F2-7934ECE0ABF9}.UnicodeRelease|x86.ActiveCfg = Release|Win32
		{91FB6A99-5622-4370-80F2-7934ECE0ABF9}.UnicodeRelease|x86.Build.0 = Release|Win32
		{DAE5367B-62FE-48E5-A39E-93CCEBE7EC26}.Debug|Mixed Platforms.ActiveCfg = Debug|Win32
		{DAE5367B-62FE-48E5-A39E-93CCEBE7EC26}.Debug|Mixed Platforms.Build.0 = Debug|Win32
		{DAE5367B-62FE-48E5-A39E-93CCEBE7EC26}.Debug|Win32.ActiveCfg = Debug|Win32
		{DAE5367B-62FE-48E5-A39E-93CCEBE7EC26}.Debug|Win32.Build.0 = Debug|Win32
		{DAE5367B-62FE-48E5-A39E-93CCEBE7EC26}.Debug|x86.ActiveCfg = Debug|Win32
		{DAE5367B-62FE-48E5-A39E-93CCEBE7EC26}.Debug|x86.Build.0 = Debug|Win32
		{DAE5367B-62FE-48E5-A39E-93CCEBE7EC26}.Release|Mixed Platforms.ActiveCfg = Release|Win32
		{DAE5367B-62FE-48E5-A39E-93CCEBE7EC26}.Release|Mixed Platforms.Build.0 = Release|Win32
		{DAE5367B-62FE-48E5-A39E-93CCEBE7EC26}.Release|Win32.ActiveCfg = Release|Win32
		{DAE5367B-62FE-48E5-A39E-93CCEBE7EC26}.Release|Win32.Build.0 = Release|Win32
		{DAE5367B-62FE-48E5-A39E-93CCEBE7EC26}.Release|x86.ActiveCfg = Release|Win32
		{DAE5367B-62FE-48E5-A39E-93CCEBE7EC26}.Release|x86.Build.0 = Release|Win32
		{DAE5367B-62FE-48E5-A39E-93CCEBE7EC26}.UnicodeDebug|Mixed Platforms.ActiveCfg = Debug|Win32
		{DAE5367B-62FE-48E5-A39E-93CCEBE7EC26}.UnicodeDebug|Mixed Platforms.Build.0 = Debug|Win32
		{DAE5367B-62FE-48E5-A39E-93CCEBE7EC26}.UnicodeDebug|Win32.ActiveCfg = Debug|Win32
		{DAE5367B-62FE-48E5-A39E-93CCEBE7EC26}.UnicodeDebug|Win32.Build.0 = Debug|Win32
		{DAE5367B-62FE-48E5-A39E-93CCEBE7EC26}.UnicodeDebug|x86.ActiveCfg = Debug|Win32
		{DAE5367B-62FE-48E5-A39E-93CCEBE7EC26}.UnicodeDebug|x86.Build.0 = Debug|Win32
		{DAE5367B-62FE-48E5-A39E-93CCEBE7EC26}.UnicodeRelease|Mixed Platforms.ActiveCfg = Release|Win32
		{DAE5367B-62FE-48E5-A39E-93CCEBE7EC26}.UnicodeRelease|Mixed Platforms.Build.0 = Release|Win32
		{DAE5367B-62FE-48E5-A39E-93CCEBE7EC26}.UnicodeRelease|Win32.ActiveCfg = Release|Win32
		{DAE5367B-62FE-48E5-A39E-93CCEBE7EC26}.UnicodeRelease|Win32.Build.0 = Release|Win32
		{DAE5367B-62FE-48E5-A39E-93CCEBE7EC26}.UnicodeRelease|x86.ActiveCfg = Release|Win32
		{DAE5367B-62FE-48E5-A39E-93CCEBE7EC26}.UnicodeRelease|x86.Build.0 = Release|Win32
		{62B50D14-EE8F-4F97-8DBB-5E5BA7CC902B}.Debug|Mixed Platforms.ActiveCfg = Debug|Win32
		{62B50D14-EE8F-4F97-8DBB-5E5BA7CC902B}.Debug|Mixed Platforms.Build.0 = Debug|Win32
		{62B50D14-EE8F-4F97-8DBB-5E5BA7CC902B}.Debug|Win32.ActiveCfg = Debug|Win32
		{62B50D14-EE8F-4F97-8DBB-5E5BA7CC902B}.Debug|Win32.Build.0 = Debug|Win32
		{62B50D14-EE8F-4F97-8DBB-5E5BA7CC902B}.Debug|x86.ActiveCfg = Debug|Win32
		{62B50D14-EE8F-4F97-8DBB-5E5BA7CC902B}.Debug|x86.Build.0 = Debug|Win32
		{62B50D14-EE8F-4F97-8DBB-5E5BA7CC902B}.Release|Mixed Platforms.ActiveCfg = Release|Win32
		{62B50D14-EE8F-4F97-8DBB-5E5BA7CC902B}.Release|Mixed Platforms.Build.0 = Release|Win32
		{62B50D14-EE8F-4F97-8DBB-5E5BA7CC902B}.Release|Win32.ActiveCfg = Release|Win32
		{62B50D14-EE8F-4F97-8DBB-5E5BA7CC902B}.Release|Win32.Build.0 = Release|Win32
		{62B50D14-EE8F-4F97-8DBB-5E5BA7CC902B}.Release|x86.ActiveCfg = Release|Win32
		{62B50D14-EE8F-4F97-8DBB-5E5BA7CC902B}.Release|x86.Build.0 = Release|Win32
		{62B50D14-EE8F-4F97-8DBB-5E5BA7CC902B}.UnicodeDebug|Mixed Platforms.ActiveCfg = Debug|Win32
		{62B50D14-EE8F-4F97-8DBB-5E5BA7CC902B}.UnicodeDebug|Mixed Platforms.Build.0 = Debug|Win32
		{62B50D14-EE8F-4F97-8DBB-5E5BA7CC902B}.UnicodeDebug|Win32.ActiveCfg = Debug|Win32
		{62B50D14-EE8F-4F97-8DBB-5E5BA7CC902B}.UnicodeDebug|Win32.Build.0 = Debug|Win32
		{62B50D14-EE8F-4F97-8DBB-5E5BA7CC902B}.UnicodeDebug|x86.ActiveCfg = Debug|Win32
		{62B50D14-EE8F-4F97-8DBB-5E5BA7CC902B}.UnicodeDebug|x86.Build.0 = Debug|Win32
		{62B50D14-EE8F-4F97-8DBB-5E5BA7CC902B}.UnicodeRelease|Mixed Platforms.ActiveCfg = Release|Win32
		{62B50D14-EE8F-4F97-8DBB-5E5BA7CC902B}.UnicodeRelease|Mixed Platforms.Build.0 = Release|Win32
		{62B50D14-EE8F-4F97-8DBB-5E5BA7CC902B}.UnicodeRelease|Win32.ActiveCfg = Release|Win32
		{62B50D14-EE8F-4F97-8DBB-5E5BA7CC902B}.UnicodeRelease|Win32.Build.0 = Release|Win32
		{62B50D14-EE8F-4F97-8DBB-5E5BA7CC902B}.UnicodeRelease|x86.ActiveCfg = Release|Win32
		{62B50D14-EE8F-4F97-8DBB-5E5BA7CC902B}.UnicodeRelease|x86.Build.0 = Release|Win32
	EndGlobalSection
	GlobalSection(SolutionProperties) = preSolution
		HideSolutionNode = FALSE
	EndGlobalSection
EndGlobal
